
Microsoft Visual Studio Solution File, Format Version 12.00
# Visual Studio Version 17
VisualStudioVersion = 17.5.002.0
MinimumVisualStudioVersion = 10.0.40219.1
Project("{9A19103F-16F7-4668-BE54-9A1E7A4F7556}") = "Music-JWT-Api", "Music-JWT-Api.csproj", "{C4860F0A-8B75-41C1-B43B-7D82BF6E18FA}"
EndProject
Global
	GlobalSection(SolutionConfigurationPlatforms) = preSolution
		Debug|Any CPU = Debug|Any CPU
		Release|Any CPU = Release|Any CPU
	EndGlobalSection
	GlobalSection(ProjectConfigurationPlatforms) = postSolution
		{C4860F0A-8B75-41C1-B43B-7D82BF6E18FA}.Debug|Any CPU.ActiveCfg = Debug|Any CPU
		{C4860F0A-8B75-41C1-B43B-7D82BF6E18FA}.Debug|Any CPU.Build.0 = Debug|Any CPU
		{C4860F0A-8B75-41C1-B43B-7D82BF6E18FA}.Release|Any CPU.ActiveCfg = Release|Any CPU
		{C4860F0A-8B75-41C1-B43B-7D82BF6E18FA}.Release|Any CPU.Build.0 = Release|Any CPU
	EndGlobalSection
	GlobalSection(SolutionProperties) = preSolution
		HideSolutionNode = FALSE
	EndGlobalSection
	GlobalSection(ExtensibilityGlobals) = postSolution
		SolutionGuid = {178799C8-FCA8-4E57-B01D-3CA2B2FAEF0C}
	EndGlobalSection
EndGlobal
